<?xml version="1.0" encoding="utf-8"?>
<Project ToolsVersion="4.0" xmlns="http://schemas.microsoft.com/developer/msbuild/2003">
  <ItemGroup>
    <Filter Include="Source Files">
      <UniqueIdentifier>{9f5f922e-f445-45a9-afa6-8a241a90f637}</UniqueIdentifier>
      <Extensions>cpp;c;cxx;rc;def;r;odl;idl;hpj;bat</Extensions>
    </Filter>
    <Filter Include="Header Files">
      <UniqueIdentifier>{dd2b48dd-c2ee-4c71-ace2-cc1fd52a2f5b}</UniqueIdentifier>
      <Extensions>h;hpp;hxx;hm;inl</Extensions>
    </Filter>
    <Filter Include="Resource Files">
      <UniqueIdentifier>{48d7b751-de15-48d1-ad34-0f05a233a768}</UniqueIdentifier>
      <Extensions>ico;cur;bmp;dlg;rc2;rct;bin;rgs;gif;jpg;jpeg;jpe</Extensions>
    </Filter>
  </ItemGroup>
  <ItemGroup>
    <ClCompile Include="AboutDialog.cpp">
      <Filter>Source Files</Filter>
    </ClCompile>
    <ClCompile Include="AnonymizeDialog.cpp">
      <Filter>Source Files</Filter>
    </ClCompile>
    <ClCompile Include="BugReport.cpp">
      <Filter>Source Files</Filter>
    </ClCompile>
    <ClCompile Include="ColorMap.cpp">
      <Filter>Source Files</Filter>
    </ClCompile>
    <ClCompile Include="ColorMapCanvas.cpp">
      <Filter>Source Files</Filter>
    </ClCompile>
    <ClCompile Include="ColorMapDialog.cpp">
      <Filter>Source Files</Filter>
    </ClCompile>
    <ClCompile Include="ColorMapList.cpp">
      <Filter>Source Files</Filter>
    </ClCompile>
    <ClCompile Include="ConvertDialog.cpp">
      <Filter>Source Files</Filter>
    </ClCompile>
    <ClCompile Include="DicomInfo.cpp">
      <Filter>Source Files</Filter>
    </ClCompile>
    <ClCompile Include="DisplayPoints.cpp">
      <Filter>Source Files</Filter>
    </ClCompile>
    <ClCompile Include="FileOpenDialog.cpp">
      <Filter>Source Files</Filter>
    </ClCompile>
    <ClCompile Include="fslio\fslio.c">
      <Filter>Source Files</Filter>
    </ClCompile>
    <ClCompile Include="ImageCanvas.cpp">
      <Filter>Source Files</Filter>
    </ClCompile>
    <ClCompile Include="ImageData.cpp">
      <Filter>Source Files</Filter>
    </ClCompile>
    <ClCompile Include="ImageDisplayListItem.cpp">
      <Filter>Source Files</Filter>
    </ClCompile>
    <ClCompile Include="ImageInfo.cpp">
      <Filter>Source Files</Filter>
    </ClCompile>
    <ClCompile Include="ImageInformationDialog.cpp">
      <Filter>Source Files</Filter>
    </ClCompile>
    <ClCompile Include="ImageSliceThread.cpp">
      <Filter>Source Files</Filter>
    </ClCompile>
    <ClCompile Include="ImageViews.cpp">
      <Filter>Source Files</Filter>
    </ClCompile>
    <ClCompile Include="ImageVolume.cpp">
      <Filter>Source Files</Filter>
    </ClCompile>
    <ClCompile Include="ImageVolumeHelper.cpp">
      <Filter>Source Files</Filter>
    </ClCompile>
    <ClCompile Include="ImageVolumeRender.cpp">
      <Filter>Source Files</Filter>
    </ClCompile>
    <ClCompile Include="ImageVolumeRenderRay.cpp">
      <Filter>Source Files</Filter>
    </ClCompile>
    <ClCompile Include="LoadErrorDialog.cpp">
      <Filter>Source Files</Filter>
    </ClCompile>
    <ClCompile Include="MainFrame.cpp">
      <Filter>Source Files</Filter>
    </ClCompile>
    <ClCompile Include="MainFrameVariables.cpp">
      <Filter>Source Files</Filter>
    </ClCompile>
    <ClCompile Include="MIView.cpp">
      <Filter>Source Files</Filter>
    </ClCompile>
    <ClCompile Include="MIViewBrowser.cpp">
      <Filter>Source Files</Filter>
    </ClCompile>
    <ClCompile Include="MIViewBrowserDB.cpp">
      <Filter>Source Files</Filter>
    </ClCompile>
    <ClCompile Include="fslio\nifti1_io.c">
      <Filter>Source Files</Filter>
    </ClCompile>
    <ClCompile Include="NiftiInfo.cpp">
      <Filter>Source Files</Filter>
    </ClCompile>
    <ClCompile Include="OptionsDialog.cpp">
      <Filter>Source Files</Filter>
    </ClCompile>
    <ClCompile Include="SaveScreenshot.cpp">
      <Filter>Source Files</Filter>
    </ClCompile>
    <ClCompile Include="XYZTriplet.cpp">
      <Filter>Source Files</Filter>
    </ClCompile>
    <ClCompile Include="fslio\znzlib.c">
      <Filter>Source Files</Filter>
    </ClCompile>
    <ClCompile Include="glew.c">
      <Filter>Source Files</Filter>
    </ClCompile>
    <ClCompile Include="ImageDataReader.cpp">
      <Filter>Source Files</Filter>
    </ClCompile>
    <ClCompile Include="Color.cpp">
      <Filter>Source Files</Filter>
    </ClCompile>
    <ClCompile Include="ImageDataWriter.cpp">
      <Filter>Source Files</Filter>
    </ClCompile>
  </ItemGroup>
  <ItemGroup>
    <ClInclude Include="AboutDialog.h">
      <Filter>Header Files</Filter>
    </ClInclude>
    <ClInclude Include="AnonymizeDialog.h">
      <Filter>Header Files</Filter>
    </ClInclude>
    <ClInclude Include="BugReport.h">
      <Filter>Header Files</Filter>
    </ClInclude>
    <ClInclude Include="ColorMap.h">
      <Filter>Header Files</Filter>
    </ClInclude>
    <ClInclude Include="ColorMapCanvas.h">
      <Filter>Header Files</Filter>
    </ClInclude>
    <ClInclude Include="ColorMapDialog.h">
      <Filter>Header Files</Filter>
    </ClInclude>
    <ClInclude Include="ColorMapList.h">
      <Filter>Header Files</Filter>
    </ClInclude>
    <ClInclude Include="fslio\config.h">
      <Filter>Header Files</Filter>
    </ClInclude>
    <ClInclude Include="ConvertDialog.h">
      <Filter>Header Files</Filter>
    </ClInclude>
    <ClInclude Include="DataContainers.h">
      <Filter>Header Files</Filter>
    </ClInclude>
    <ClInclude Include="fslio\dbh.h">
      <Filter>Header Files</Filter>
    </ClInclude>
    <ClInclude Include="DicomInfo.h">
      <Filter>Header Files</Filter>
    </ClInclude>
    <ClInclude Include="DisplayPoints.h">
      <Filter>Header Files</Filter>
    </ClInclude>
    <ClInclude Include="FileOpenDialog.h">
      <Filter>Header Files</Filter>
    </ClInclude>
    <ClInclude Include="fslio\fslio.h">
      <Filter>Header Files</Filter>
    </ClInclude>
    <ClInclude Include="GlobalRoutines.h">
      <Filter>Header Files</Filter>
    </ClInclude>
    <ClInclude Include="ImageCanvas.h">
      <Filter>Header Files</Filter>
    </ClInclude>
    <ClInclude Include="ImageData.h">
      <Filter>Header Files</Filter>
    </ClInclude>
    <ClInclude Include="ImageDisplayListItem.h">
      <Filter>Header Files</Filter>
    </ClInclude>
    <ClInclude Include="ImageInfo.h">
      <Filter>Header Files</Filter>
    </ClInclude>
    <ClInclude Include="ImageInformationDialog.h">
      <Filter>Header Files</Filter>
    </ClInclude>
    <ClInclude Include="ImageSliceThread.h">
      <Filter>Header Files</Filter>
    </ClInclude>
    <ClInclude Include="ImageViews.h">
      <Filter>Header Files</Filter>
    </ClInclude>
    <ClInclude Include="ImageVolume.h">
      <Filter>Header Files</Filter>
    </ClInclude>
    <ClInclude Include="ImageVolumeHelper.h">
      <Filter>Header Files</Filter>
    </ClInclude>
    <ClInclude Include="ImageVolumeRender.h">
      <Filter>Header Files</Filter>
    </ClInclude>
    <ClInclude Include="ImageVolumeRenderRay.h">
      <Filter>Header Files</Filter>
    </ClInclude>
    <ClInclude Include="LoadErrorDialog.h">
      <Filter>Header Files</Filter>
    </ClInclude>
    <ClInclude Include="MainFrame.h">
      <Filter>Header Files</Filter>
    </ClInclude>
    <ClInclude Include="MainFrameVariables.h">
      <Filter>Header Files</Filter>
    </ClInclude>
    <ClInclude Include="MIView.h">
      <Filter>Header Files</Filter>
    </ClInclude>
    <ClInclude Include="MIViewBrowser.h">
      <Filter>Header Files</Filter>
    </ClInclude>
    <ClInclude Include="MIViewBrowserDB.h">
      <Filter>Header Files</Filter>
    </ClInclude>
    <ClInclude Include="MIViewConstants.h">
      <Filter>Header Files</Filter>
    </ClInclude>
    <ClInclude Include="fslio\nifti1.h">
      <Filter>Header Files</Filter>
    </ClInclude>
    <ClInclude Include="fslio\nifti1_io.h">
      <Filter>Header Files</Filter>
    </ClInclude>
    <ClInclude Include="NiftiInfo.h">
      <Filter>Header Files</Filter>
    </ClInclude>
    <ClInclude Include="OptionsDialog.h">
      <Filter>Header Files</Filter>
    </ClInclude>
    <ClInclude Include="SaveScreenshot.h">
      <Filter>Header Files</Filter>
    </ClInclude>
    <ClInclude Include="XYZTriplet.h">
      <Filter>Header Files</Filter>
    </ClInclude>
    <ClInclude Include="fslio\znzlib.h">
      <Filter>Header Files</Filter>
    </ClInclude>
    <ClInclude Include="glew.h">
      <Filter>Header Files</Filter>
    </ClInclude>
    <ClInclude Include="ImageDataReader.h">
      <Filter>Header Files</Filter>
    </ClInclude>
    <ClInclude Include="Color.h">
      <Filter>Header Files</Filter>
    </ClInclude>
    <ClInclude Include="ImageDataWriter.h">
      <Filter>Header Files</Filter>
    </ClInclude>
  </ItemGroup>
  <ItemGroup>
    <None Include="wx\msw\blank.cur">
      <Filter>Resource Files</Filter>
    </None>
    <None Include="wx\msw\bullseye.cur">
      <Filter>Resource Files</Filter>
    </None>
    <None Include="wx\msw\cdrom.ico">
      <Filter>Resource Files</Filter>
    </None>
    <None Include="wx\msw\colours.bmp">
      <Filter>Resource Files</Filter>
    </None>
    <None Include="wx\msw\computer.ico">
      <Filter>Resource Files</Filter>
    </None>
    <None Include="wx\msw\cross.cur">
      <Filter>Resource Files</Filter>
    </None>
    <None Include="wx\msw\csquery.bmp">
      <Filter>Resource Files</Filter>
    </None>
    <None Include="wx\msw\drive.ico">
      <Filter>Resource Files</Filter>
    </None>
    <None Include="wx\msw\file1.ico">
      <Filter>Resource Files</Filter>
    </None>
    <None Include="wx\msw\floppy.ico">
      <Filter>Resource Files</Filter>
    </None>
    <None Include="wx\msw\folder1.ico">
      <Filter>Resource Files</Filter>
    </None>
    <None Include="wx\msw\folder2.ico">
      <Filter>Resource Files</Filter>
    </None>
    <None Include="wx\msw\hand.cur">
      <Filter>Resource Files</Filter>
    </None>
    <None Include="wx\msw\magnif1.cur">
      <Filter>Resource Files</Filter>
    </None>
    <None Include="mondrian.ico">
      <Filter>Resource Files</Filter>
    </None>
    <None Include="graphics\MRI_brain.bmp">
      <Filter>Resource Files</Filter>
    </None>
    <None Include="wx\msw\noentry.cur">
      <Filter>Resource Files</Filter>
    </None>
    <None Include="wx\msw\pbrush.cur">
      <Filter>Resource Files</Filter>
    </None>
    <None Include="wx\msw\pencil.cur">
      <Filter>Resource Files</Filter>
    </None>
    <None Include="wx\msw\pntleft.cur">
      <Filter>Resource Files</Filter>
    </None>
    <None Include="wx\msw\pntright.cur">
      <Filter>Resource Files</Filter>
    </None>
    <None Include="wx\msw\query.cur">
      <Filter>Resource Files</Filter>
    </None>
    <None Include="wx\msw\removble.ico">
      <Filter>Resource Files</Filter>
    </None>
    <None Include="wx\msw\rightarr.cur">
      <Filter>Resource Files</Filter>
    </None>
    <None Include="wx\msw\roller.cur">
      <Filter>Resource Files</Filter>
    </None>
    <None Include="wx\msw\watch1.cur">
      <Filter>Resource Files</Filter>
    </None>
    <None Include="xpm\brain.xpm" />
    <None Include="xpm\brain3view.xpm" />
    <None Include="Default.vert" />
    <None Include="xpm\flip-lr.xpm" />
    <None Include="xpm\flip-ud.xpm" />
    <None Include="xpm\image-info.xpm" />
    <None Include="VTune\MIView.vpj" />
    <None Include="xpm\multipledicom.xpm" />
    <None Include="xpm\open.xpm" />
    <None Include="xpm\openfolder.xpm" />
    <None Include="RayTrace.vert" />
    <None Include="RayTraceRed.frag" />
    <None Include="xpm\rotate-left.xpm" />
    <None Include="xpm\rotate-right.xpm" />
    <None Include="xpm\show-info-overlay.xpm" />
    <None Include="xpm\singledicom.xpm" />
    <None Include="WindowLevel.frag" />
    <None Include="xpm\close16.xpm" />
    <None Include="xpm\help.xpm" />
    <None Include="xpm\openfile-16.xpm" />
  </ItemGroup>
  <ItemGroup>
    <ResourceCompile Include="MIView.rc">
      <Filter>Resource Files</Filter>
    </ResourceCompile>
  </ItemGroup>
  <ItemGroup>
    <Manifest Include="wx\msw\wx.manifest" />
  </ItemGroup>
</Project>